
Microsoft Visual Studio Solution File, Format Version 12.00
# Visual Studio Version 16
VisualStudioVersion = 16.0.28531.58
MinimumVisualStudioVersion = 10.0.40219.1
Project("{FAE04EC0-301F-11D3-BF4B-00C04F79EFBC}") = "TelnetServer", "TelnetServer.csproj", "{C71B100D-694D-4383-B7D8-4D9D3DCEF23E}"
EndProject
Global
	GlobalSection(SolutionConfigurationPlatforms) = preSolution
		Debug|Any CPU = Debug|Any CPU
		Release|Any CPU = Release|Any CPU
	EndGlobalSection
	GlobalSection(ProjectConfigurationPlatforms) = postSolution
		{C71B100D-694D-4383-B7D8-4D9D3DCEF23E}.Debug|Any CPU.ActiveCfg = Debug|Any CPU
		{C71B100D-694D-4383-B7D8-4D9D3DCEF23E}.Debug|Any CPU.Build.0 = Debug|Any CPU
		{C71B100D-694D-4383-B7D8-4D9D3DCEF23E}.Release|Any CPU.ActiveCfg = Release|Any CPU
		{C71B100D-694D-4383-B7D8-4D9D3DCEF23E}.Release|Any CPU.Build.0 = Release|Any CPU
	EndGlobalSection
	GlobalSection(SolutionProperties) = preSolution
		HideSolutionNode = FALSE
	EndGlobalSection
	GlobalSection(ExtensibilityGlobals) = postSolution
		SolutionGuid = {A36EDB01-9A31-4CEC-BDB4-54A32D2A34D1}
	EndGlobalSection
EndGlobal
